
Microsoft Visual Studio Solution File, Format Version 12.00
# Visual Studio Version 17
VisualStudioVersion = 17.3.32929.385
MinimumVisualStudioVersion = 10.0.40219.1
Project("{8BC9CEB8-8B4A-11D0-8D11-00A0C91BC942}") = "foo_vis_spectrum_analyzer", "foo_vis_spectrum_analyzer.vcxproj", "{6D70BEC9-0384-44CE-A678-43219D965124}"
EndProject
Project("{8BC9CEB8-8B4A-11D0-8D11-00A0C91BC942}") = "foobar2000_component_client", "..\sdk\foobar2000\foobar2000_component_client\foobar2000_component_client.vcxproj", "{71AD2674-065B-48F5-B8B0-E1F9D3892081}"
EndProject
Project("{2150E333-8FDC-42A3-9474-1A3956D46DE8}") = "3rdParty", "3rdParty", "{32B3D50E-6EF4-44F8-A6F4-37CBFC66A6DE}"
EndProject
Project("{2150E333-8FDC-42A3-9474-1A3956D46DE8}") = "SDK", "SDK", "{A3785D62-C7E4-4CE9-86B4-CBBD04AE0DCD}"
EndProject
Project("{8BC9CEB8-8B4A-11D0-8D11-00A0C91BC942}") = "foobar2000_SDK", "..\sdk\foobar2000\SDK\foobar2000_SDK.vcxproj", "{E8091321-D79D-4575-86EF-064EA1A4A20D}"
EndProject
Project("{8BC9CEB8-8B4A-11D0-8D11-00A0C91BC942}") = "pfc", "..\sdk\pfc\pfc.vcxproj", "{EBFFFB4E-261D-44D3-B89C-957B31A0BF9C}"
EndProject
Project("{8BC9CEB8-8B4A-11D0-8D11-00A0C91BC942}") = "foobar2000_sdk_helpers", "..\sdk\foobar2000\helpers\foobar2000_sdk_helpers.vcxproj", "{EE47764E-A202-4F85-A767-ABDAB4AFF35F}"
EndProject
Project("{8BC9CEB8-8B4A-11D0-8D11-00A0C91BC942}") = "libPPUI", "..\sdk\libPPUI\libPPUI.vcxproj", "{7729EB82-4069-4414-964B-AD399091A03F}"
EndProject
Global
	GlobalSection(SolutionConfigurationPlatforms) = preSolution
		Debug FB2K|ARM64 = Debug FB2K|ARM64
		Debug FB2K|ARM64EC = Debug FB2K|ARM64EC
		Debug FB2K|x64 = Debug FB2K|x64
		Debug FB2K|x86 = Debug FB2K|x86
		Debug|ARM64 = Debug|ARM64
		Debug|ARM64EC = Debug|ARM64EC
		Debug|x64 = Debug|x64
		Debug|x86 = Debug|x86
		Release FB2K|ARM64 = Release FB2K|ARM64
		Release FB2K|ARM64EC = Release FB2K|ARM64EC
		Release FB2K|x64 = Release FB2K|x64
		Release FB2K|x86 = Release FB2K|x86
		Release x86|ARM64 = Release x86|ARM64
		Release x86|ARM64EC = Release x86|ARM64EC
		Release x86|x64 = Release x86|x64
		Release x86|x86 = Release x86|x86
		Release|ARM64 = Release|ARM64
		Release|ARM64EC = Release|ARM64EC
		Release|x64 = Release|x64
		Release|x86 = Release|x86
	EndGlobalSection
	GlobalSection(ProjectConfigurationPlatforms) = postSolution
		{6D70BEC9-0384-44CE-A678-43219D965124}.Debug FB2K|ARM64.ActiveCfg = Debug|x64
		{6D70BEC9-0384-44CE-A678-43219D965124}.Debug FB2K|ARM64.Build.0 = Debug|x64
		{6D70BEC9-0384-44CE-A678-43219D965124}.Debug FB2K|ARM64EC.ActiveCfg = Debug|x64
		{6D70BEC9-0384-44CE-A678-43219D965124}.Debug FB2K|ARM64EC.Build.0 = Debug|x64
		{6D70BEC9-0384-44CE-A678-43219D965124}.Debug FB2K|x64.ActiveCfg = Debug|x64
		{6D70BEC9-0384-44CE-A678-43219D965124}.Debug FB2K|x64.Build.0 = Debug|x64
		{6D70BEC9-0384-44CE-A678-43219D965124}.Debug FB2K|x86.ActiveCfg = Debug|Win32
		{6D70BEC9-0384-44CE-A678-43219D965124}.Debug FB2K|x86.Build.0 = Debug|Win32
		{6D70BEC9-0384-44CE-A678-43219D965124}.Debug|ARM64.ActiveCfg = Debug|x64
		{6D70BEC9-0384-44CE-A678-43219D965124}.Debug|ARM64.Build.0 = Debug|x64
		{6D70BEC9-0384-44CE-A678-43219D965124}.Debug|ARM64EC.ActiveCfg = Debug|x64
		{6D70BEC9-0384-44CE-A678-43219D965124}.Debug|ARM64EC.Build.0 = Debug|x64
		{6D70BEC9-0384-44CE-A678-43219D965124}.Debug|x64.ActiveCfg = Debug|x64
		{6D70BEC9-0384-44CE-A678-43219D965124}.Debug|x64.Build.0 = Debug|x64
		{6D70BEC9-0384-44CE-A678-43219D965124}.Debug|x86.ActiveCfg = Debug|Win32
		{6D70BEC9-0384-44CE-A678-43219D965124}.Debug|x86.Build.0 = Debug|Win32
		{6D70BEC9-0384-44CE-A678-43219D965124}.Release FB2K|ARM64.ActiveCfg = Release|x64
		{6D70BEC9-0384-44CE-A678-43219D965124}.Release FB2K|ARM64.Build.0 = Release|x64
		{6D70BEC9-0384-44CE-A678-43219D965124}.Release FB2K|ARM64EC.ActiveCfg = Release|x64
		{6D70BEC9-0384-44CE-A678-43219D965124}.Release FB2K|ARM64EC.Build.0 = Release|x64
		{6D70BEC9-0384-44CE-A678-43219D965124}.Release FB2K|x64.ActiveCfg = Release|x64
		{6D70BEC9-0384-44CE-A678-43219D965124}.Release FB2K|x64.Build.0 = Release|x64
		{6D70BEC9-0384-44CE-A678-43219D965124}.Release FB2K|x86.ActiveCfg = Release|Win32
		{6D70BEC9-0384-44CE-A678-43219D965124}.Release FB2K|x86.Build.0 = Release|Win32
		{6D70BEC9-0384-44CE-A678-43219D965124}.Release x86|ARM64.ActiveCfg = Release|x64
		{6D70BEC9-0384-44CE-A678-43219D965124}.Release x86|ARM64.Build.0 = Release|x64
		{6D70BEC9-0384-44CE-A678-43219D965124}.Release x86|ARM64EC.ActiveCfg = Release|x64
		{6D70BEC9-0384-44CE-A678-43219D965124}.Release x86|ARM64EC.Build.0 = Release|x64
		{6D70BEC9-0384-44CE-A678-43219D965124}.Release x86|x64.ActiveCfg = Release|x64
		{6D70BEC9-0384-44CE-A678-43219D965124}.Release x86|x64.Build.0 = Release|x64
		{6D70BEC9-0384-44CE-A678-43219D965124}.Release x86|x86.ActiveCfg = Release|Win32
		{6D70BEC9-0384-44CE-A678-43219D965124}.Release x86|x86.Build.0 = Release|Win32
		{6D70BEC9-0384-44CE-A678-43219D965124}.Release|ARM64.ActiveCfg = Release|x64
		{6D70BEC9-0384-44CE-A678-43219D965124}.Release|ARM64.Build.0 = Release|x64
		{6D70BEC9-0384-44CE-A678-43219D965124}.Release|ARM64EC.ActiveCfg = Release|x64
		{6D70BEC9-0384-44CE-A678-43219D965124}.Release|ARM64EC.Build.0 = Release|x64
		{6D70BEC9-0384-44CE-A678-43219D965124}.Release|x64.ActiveCfg = Release|x64
		{6D70BEC9-0384-44CE-A678-43219D965124}.Release|x64.Build.0 = Release|x64
		{6D70BEC9-0384-44CE-A678-43219D965124}.Release|x86.ActiveCfg = Release|Win32
		{6D70BEC9-0384-44CE-A678-43219D965124}.Release|x86.Build.0 = Release|Win32
		{71AD2674-065B-48F5-B8B0-E1F9D3892081}.Debug FB2K|ARM64.ActiveCfg = Debug|ARM64
		{71AD2674-065B-48F5-B8B0-E1F9D3892081}.Debug FB2K|ARM64.Build.0 = Debug|ARM64
		{71AD2674-065B-48F5-B8B0-E1F9D3892081}.Debug FB2K|ARM64EC.ActiveCfg = Debug|ARM64EC
		{71AD2674-065B-48F5-B8B0-E1F9D3892081}.Debug FB2K|ARM64EC.Build.0 = Debug|ARM64EC
		{71AD2674-065B-48F5-B8B0-E1F9D3892081}.Debug FB2K|x64.ActiveCfg = Debug|x64
		{71AD2674-065B-48F5-B8B0-E1F9D3892081}.Debug FB2K|x64.Build.0 = Debug|x64
		{71AD2674-065B-48F5-B8B0-E1F9D3892081}.Debug FB2K|x86.ActiveCfg = Debug|Win32
		{71AD2674-065B-48F5-B8B0-E1F9D3892081}.Debug FB2K|x86.Build.0 = Debug|Win32
		{71AD2674-065B-48F5-B8B0-E1F9D3892081}.Debug|ARM64.ActiveCfg = Debug|ARM64
		{71AD2674-065B-48F5-B8B0-E1F9D3892081}.Debug|ARM64.Build.0 = Debug|ARM64
		{71AD2674-065B-48F5-B8B0-E1F9D3892081}.Debug|ARM64EC.ActiveCfg = Debug|ARM64EC
		{71AD2674-065B-48F5-B8B0-E1F9D3892081}.Debug|ARM64EC.Build.0 = Debug|ARM64EC
		{71AD2674-065B-48F5-B8B0-E1F9D3892081}.Debug|x64.ActiveCfg = Debug|x64
		{71AD2674-065B-48F5-B8B0-E1F9D3892081}.Debug|x64.Build.0 = Debug|x64
		{71AD2674-065B-48F5-B8B0-E1F9D3892081}.Debug|x86.ActiveCfg = Debug|Win32
		{71AD2674-065B-48F5-B8B0-E1F9D3892081}.Debug|x86.Build.0 = Debug|Win32
		{71AD2674-065B-48F5-B8B0-E1F9D3892081}.Release FB2K|ARM64.ActiveCfg = Release|ARM64
		{71AD2674-065B-48F5-B8B0-E1F9D3892081}.Release FB2K|ARM64.Build.0 = Release|ARM64
		{71AD2674-065B-48F5-B8B0-E1F9D3892081}.Release FB2K|ARM64EC.ActiveCfg = Release x86|ARM64EC
		{71AD2674-065B-48F5-B8B0-E1F9D3892081}.Release FB2K|ARM64EC.Build.0 = Release x86|ARM64EC
		{71AD2674-065B-48F5-B8B0-E1F9D3892081}.Release FB2K|x64.ActiveCfg = Release|x64
		{71AD2674-065B-48F5-B8B0-E1F9D3892081}.Release FB2K|x64.Build.0 = Release|x64
		{71AD2674-065B-48F5-B8B0-E1F9D3892081}.Release FB2K|x86.ActiveCfg = Release|Win32
		{71AD2674-065B-48F5-B8B0-E1F9D3892081}.Release FB2K|x86.Build.0 = Release|Win32
		{71AD2674-065B-48F5-B8B0-E1F9D3892081}.Release x86|ARM64.ActiveCfg = Release x86|ARM64EC
		{71AD2674-065B-48F5-B8B0-E1F9D3892081}.Release x86|ARM64.Build.0 = Release x86|ARM64EC
		{71AD2674-065B-48F5-B8B0-E1F9D3892081}.Release x86|ARM64EC.ActiveCfg = Release x86|ARM64EC
		{71AD2674-065B-48F5-B8B0-E1F9D3892081}.Release x86|ARM64EC.Build.0 = Release x86|ARM64EC
		{71AD2674-065B-48F5-B8B0-E1F9D3892081}.Release x86|x64.ActiveCfg = Release x86|ARM64EC
		{71AD2674-065B-48F5-B8B0-E1F9D3892081}.Release x86|x64.Build.0 = Release x86|ARM64EC
		{71AD2674-065B-48F5-B8B0-E1F9D3892081}.Release x86|x86.ActiveCfg = Release x86|ARM64EC
		{71AD2674-065B-48F5-B8B0-E1F9D3892081}.Release x86|x86.Build.0 = Release x86|ARM64EC
		{71AD2674-065B-48F5-B8B0-E1F9D3892081}.Release|ARM64.ActiveCfg = Release|ARM64
		{71AD2674-065B-48F5-B8B0-E1F9D3892081}.Release|ARM64.Build.0 = Release|ARM64
		{71AD2674-065B-48F5-B8B0-E1F9D3892081}.Release|ARM64EC.ActiveCfg = Release|ARM64EC
		{71AD2674-065B-48F5-B8B0-E1F9D3892081}.Release|ARM64EC.Build.0 = Release|ARM64EC
		{71AD2674-065B-48F5-B8B0-E1F9D3892081}.Release|x64.ActiveCfg = Release|x64
		{71AD2674-065B-48F5-B8B0-E1F9D3892081}.Release|x64.Build.0 = Release|x64
		{71AD2674-065B-48F5-B8B0-E1F9D3892081}.Release|x86.ActiveCfg = Release|Win32
		{71AD2674-065B-48F5-B8B0-E1F9D3892081}.Release|x86.Build.0 = Release|Win32
		{E8091321-D79D-4575-86EF-064EA1A4A20D}.Debug FB2K|ARM64.ActiveCfg = Debug|ARM64
		{E8091321-D79D-4575-86EF-064EA1A4A20D}.Debug FB2K|ARM64.Build.0 = Debug|ARM64
		{E8091321-D79D-4575-86EF-064EA1A4A20D}.Debug FB2K|ARM64EC.ActiveCfg = Debug|ARM64EC
		{E8091321-D79D-4575-86EF-064EA1A4A20D}.Debug FB2K|ARM64EC.Build.0 = Debug|ARM64EC
		{E8091321-D79D-4575-86EF-064EA1A4A20D}.Debug FB2K|x64.ActiveCfg = Debug|x64
		{E8091321-D79D-4575-86EF-064EA1A4A20D}.Debug FB2K|x64.Build.0 = Debug|x64
		{E8091321-D79D-4575-86EF-064EA1A4A20D}.Debug FB2K|x86.ActiveCfg = Debug|Win32
		{E8091321-D79D-4575-86EF-064EA1A4A20D}.Debug FB2K|x86.Build.0 = Debug|Win32
		{E8091321-D79D-4575-86EF-064EA1A4A20D}.Debug|ARM64.ActiveCfg = Debug|ARM64
		{E8091321-D79D-4575-86EF-064EA1A4A20D}.Debug|ARM64.Build.0 = Debug|ARM64
		{E8091321-D79D-4575-86EF-064EA1A4A20D}.Debug|ARM64EC.ActiveCfg = Debug|ARM64EC
		{E8091321-D79D-4575-86EF-064EA1A4A20D}.Debug|ARM64EC.Build.0 = Debug|ARM64EC
		{E8091321-D79D-4575-86EF-064EA1A4A20D}.Debug|x64.ActiveCfg = Debug|x64
		{E8091321-D79D-4575-86EF-064EA1A4A20D}.Debug|x64.Build.0 = Debug|x64
		{E8091321-D79D-4575-86EF-064EA1A4A20D}.Debug|x86.ActiveCfg = Debug|Win32
		{E8091321-D79D-4575-86EF-064EA1A4A20D}.Debug|x86.Build.0 = Debug|Win32
		{E8091321-D79D-4575-86EF-064EA1A4A20D}.Release FB2K|ARM64.ActiveCfg = Release|ARM64
		{E8091321-D79D-4575-86EF-064EA1A4A20D}.Release FB2K|ARM64.Build.0 = Release|ARM64
		{E8091321-D79D-4575-86EF-064EA1A4A20D}.Release FB2K|ARM64EC.ActiveCfg = Release|ARM64EC
		{E8091321-D79D-4575-86EF-064EA1A4A20D}.Release FB2K|ARM64EC.Build.0 = Release|ARM64EC
		{E8091321-D79D-4575-86EF-064EA1A4A20D}.Release FB2K|x64.ActiveCfg = Release|x64
		{E8091321-D79D-4575-86EF-064EA1A4A20D}.Release FB2K|x64.Build.0 = Release|x64
		{E8091321-D79D-4575-86EF-064EA1A4A20D}.Release FB2K|x86.ActiveCfg = Release|Win32
		{E8091321-D79D-4575-86EF-064EA1A4A20D}.Release FB2K|x86.Build.0 = Release|Win32
		{E8091321-D79D-4575-86EF-064EA1A4A20D}.Release x86|ARM64.ActiveCfg = Release|ARM64
		{E8091321-D79D-4575-86EF-064EA1A4A20D}.Release x86|ARM64.Build.0 = Release|ARM64
		{E8091321-D79D-4575-86EF-064EA1A4A20D}.Release x86|ARM64EC.ActiveCfg = Release|ARM64EC
		{E8091321-D79D-4575-86EF-064EA1A4A20D}.Release x86|ARM64EC.Build.0 = Release|ARM64EC
		{E8091321-D79D-4575-86EF-064EA1A4A20D}.Release x86|x64.ActiveCfg = Release|x64
		{E8091321-D79D-4575-86EF-064EA1A4A20D}.Release x86|x64.Build.0 = Release|x64
		{E8091321-D79D-4575-86EF-064EA1A4A20D}.Release x86|x86.ActiveCfg = Release|Win32
		{E8091321-D79D-4575-86EF-064EA1A4A20D}.Release x86|x86.Build.0 = Release|Win32
		{E8091321-D79D-4575-86EF-064EA1A4A20D}.Release|ARM64.ActiveCfg = Release|ARM64
		{E8091321-D79D-4575-86EF-064EA1A4A20D}.Release|ARM64.Build.0 = Release|ARM64
		{E8091321-D79D-4575-86EF-064EA1A4A20D}.Release|ARM64EC.ActiveCfg = Release|ARM64EC
		{E8091321-D79D-4575-86EF-064EA1A4A20D}.Release|ARM64EC.Build.0 = Release|ARM64EC
		{E8091321-D79D-4575-86EF-064EA1A4A20D}.Release|x64.ActiveCfg = Release|x64
		{E8091321-D79D-4575-86EF-064EA1A4A20D}.Release|x64.Build.0 = Release|x64
		{E8091321-D79D-4575-86EF-064EA1A4A20D}.Release|x86.ActiveCfg = Release|Win32
		{E8091321-D79D-4575-86EF-064EA1A4A20D}.Release|x86.Build.0 = Release|Win32
		{EBFFFB4E-261D-44D3-B89C-957B31A0BF9C}.Debug FB2K|ARM64.ActiveCfg = Debug FB2K|ARM64
		{EBFFFB4E-261D-44D3-B89C-957B31A0BF9C}.Debug FB2K|ARM64.Build.0 = Debug FB2K|ARM64
		{EBFFFB4E-261D-44D3-B89C-957B31A0BF9C}.Debug FB2K|ARM64EC.ActiveCfg = Debug FB2K|ARM64EC
		{EBFFFB4E-261D-44D3-B89C-957B31A0BF9C}.Debug FB2K|ARM64EC.Build.0 = Debug FB2K|ARM64EC
		{EBFFFB4E-261D-44D3-B89C-957B31A0BF9C}.Debug FB2K|x64.ActiveCfg = Debug FB2K|x64
		{EBFFFB4E-261D-44D3-B89C-957B31A0BF9C}.Debug FB2K|x64.Build.0 = Debug FB2K|x64
		{EBFFFB4E-261D-44D3-B89C-957B31A0BF9C}.Debug FB2K|x86.ActiveCfg = Debug FB2K|Win32
		{EBFFFB4E-261D-44D3-B89C-957B31A0BF9C}.Debug FB2K|x86.Build.0 = Debug FB2K|Win32
		{EBFFFB4E-261D-44D3-B89C-957B31A0BF9C}.Debug|ARM64.ActiveCfg = Debug|ARM64
		{EBFFFB4E-261D-44D3-B89C-957B31A0BF9C}.Debug|ARM64.Build.0 = Debug|ARM64
		{EBFFFB4E-261D-44D3-B89C-957B31A0BF9C}.Debug|ARM64EC.ActiveCfg = Debug|ARM64EC
		{EBFFFB4E-261D-44D3-B89C-957B31A0BF9C}.Debug|ARM64EC.Build.0 = Debug|ARM64EC
		{EBFFFB4E-261D-44D3-B89C-957B31A0BF9C}.Debug|x64.ActiveCfg = Debug|x64
		{EBFFFB4E-261D-44D3-B89C-957B31A0BF9C}.Debug|x64.Build.0 = Debug|x64
		{EBFFFB4E-261D-44D3-B89C-957B31A0BF9C}.Debug|x86.ActiveCfg = Debug|Win32
		{EBFFFB4E-261D-44D3-B89C-957B31A0BF9C}.Debug|x86.Build.0 = Debug|Win32
		{EBFFFB4E-261D-44D3-B89C-957B31A0BF9C}.Release FB2K|ARM64.ActiveCfg = Release FB2K|ARM64
		{EBFFFB4E-261D-44D3-B89C-957B31A0BF9C}.Release FB2K|ARM64.Build.0 = Release FB2K|ARM64
		{EBFFFB4E-261D-44D3-B89C-957B31A0BF9C}.Release FB2K|ARM64EC.ActiveCfg = Release FB2K|ARM64EC
		{EBFFFB4E-261D-44D3-B89C-957B31A0BF9C}.Release FB2K|ARM64EC.Build.0 = Release FB2K|ARM64EC
		{EBFFFB4E-261D-44D3-B89C-957B31A0BF9C}.Release FB2K|x64.ActiveCfg = Release FB2K|x64
		{EBFFFB4E-261D-44D3-B89C-957B31A0BF9C}.Release FB2K|x64.Build.0 = Release FB2K|x64
		{EBFFFB4E-261D-44D3-B89C-957B31A0BF9C}.Release FB2K|x86.ActiveCfg = Release FB2K|Win32
		{EBFFFB4E-261D-44D3-B89C-957B31A0BF9C}.Release FB2K|x86.Build.0 = Release FB2K|Win32
		{EBFFFB4E-261D-44D3-B89C-957B31A0BF9C}.Release x86|ARM64.ActiveCfg = Release FB2K|ARM64
		{EBFFFB4E-261D-44D3-B89C-957B31A0BF9C}.Release x86|ARM64.Build.0 = Release FB2K|ARM64
		{EBFFFB4E-261D-44D3-B89C-957B31A0BF9C}.Release x86|ARM64EC.ActiveCfg = Release FB2K|ARM64EC
		{EBFFFB4E-261D-44D3-B89C-957B31A0BF9C}.Release x86|ARM64EC.Build.0 = Release FB2K|ARM64EC
		{EBFFFB4E-261D-44D3-B89C-957B31A0BF9C}.Release x86|x64.ActiveCfg = Release FB2K|x64
		{EBFFFB4E-261D-44D3-B89C-957B31A0BF9C}.Release x86|x64.Build.0 = Release FB2K|x64
		{EBFFFB4E-261D-44D3-B89C-957B31A0BF9C}.Release x86|x86.ActiveCfg = Release FB2K|Win32
		{EBFFFB4E-261D-44D3-B89C-957B31A0BF9C}.Release x86|x86.Build.0 = Release FB2K|Win32
		{EBFFFB4E-261D-44D3-B89C-957B31A0BF9C}.Release|ARM64.ActiveCfg = Release|ARM64
		{EBFFFB4E-261D-44D3-B89C-957B31A0BF9C}.Release|ARM64.Build.0 = Release|ARM64
		{EBFFFB4E-261D-44D3-B89C-957B31A0BF9C}.Release|ARM64EC.ActiveCfg = Release|ARM64EC
		{EBFFFB4E-261D-44D3-B89C-957B31A0BF9C}.Release|ARM64EC.Build.0 = Release|ARM64EC
		{EBFFFB4E-261D-44D3-B89C-957B31A0BF9C}.Release|x64.ActiveCfg = Release|x64
		{EBFFFB4E-261D-44D3-B89C-957B31A0BF9C}.Release|x64.Build.0 = Release|x64
		{EBFFFB4E-261D-44D3-B89C-957B31A0BF9C}.Release|x86.ActiveCfg = Release|Win32
		{EBFFFB4E-261D-44D3-B89C-957B31A0BF9C}.Release|x86.Build.0 = Release|Win32
		{EE47764E-A202-4F85-A767-ABDAB4AFF35F}.Debug FB2K|ARM64.ActiveCfg = Debug|ARM64
		{EE47764E-A202-4F85-A767-ABDAB4AFF35F}.Debug FB2K|ARM64.Build.0 = Debug|ARM64
		{EE47764E-A202-4F85-A767-ABDAB4AFF35F}.Debug FB2K|ARM64EC.ActiveCfg = Debug|ARM64EC
		{EE47764E-A202-4F85-A767-ABDAB4AFF35F}.Debug FB2K|ARM64EC.Build.0 = Debug|ARM64EC
		{EE47764E-A202-4F85-A767-ABDAB4AFF35F}.Debug FB2K|x64.ActiveCfg = Debug|x64
		{EE47764E-A202-4F85-A767-ABDAB4AFF35F}.Debug FB2K|x64.Build.0 = Debug|x64
		{EE47764E-A202-4F85-A767-ABDAB4AFF35F}.Debug FB2K|x86.ActiveCfg = Debug|Win32
		{EE47764E-A202-4F85-A767-ABDAB4AFF35F}.Debug FB2K|x86.Build.0 = Debug|Win32
		{EE47764E-A202-4F85-A767-ABDAB4AFF35F}.Debug|ARM64.ActiveCfg = Debug|ARM64
		{EE47764E-A202-4F85-A767-ABDAB4AFF35F}.Debug|ARM64.Build.0 = Debug|ARM64
		{EE47764E-A202-4F85-A767-ABDAB4AFF35F}.Debug|ARM64EC.ActiveCfg = Debug|ARM64EC
		{EE47764E-A202-4F85-A767-ABDAB4AFF35F}.Debug|ARM64EC.Build.0 = Debug|ARM64EC
		{EE47764E-A202-4F85-A767-ABDAB4AFF35F}.Debug|x64.ActiveCfg = Debug|x64
		{EE47764E-A202-4F85-A767-ABDAB4AFF35F}.Debug|x64.Build.0 = Debug|x64
		{EE47764E-A202-4F85-A767-ABDAB4AFF35F}.Debug|x86.ActiveCfg = Debug|Win32
		{EE47764E-A202-4F85-A767-ABDAB4AFF35F}.Debug|x86.Build.0 = Debug|Win32
		{EE47764E-A202-4F85-A767-ABDAB4AFF35F}.Release FB2K|ARM64.ActiveCfg = Release|ARM64
		{EE47764E-A202-4F85-A767-ABDAB4AFF35F}.Release FB2K|ARM64.Build.0 = Release|ARM64
		{EE47764E-A202-4F85-A767-ABDAB4AFF35F}.Release FB2K|ARM64EC.ActiveCfg = Release|ARM64EC
		{EE47764E-A202-4F85-A767-ABDAB4AFF35F}.Release FB2K|ARM64EC.Build.0 = Release|ARM64EC
		{EE47764E-A202-4F85-A767-ABDAB4AFF35F}.Release FB2K|x64.ActiveCfg = Release|x64
		{EE47764E-A202-4F85-A767-ABDAB4AFF35F}.Release FB2K|x64.Build.0 = Release|x64
		{EE47764E-A202-4F85-A767-ABDAB4AFF35F}.Release FB2K|x86.ActiveCfg = Release|Win32
		{EE47764E-A202-4F85-A767-ABDAB4AFF35F}.Release FB2K|x86.Build.0 = Release|Win32
		{EE47764E-A202-4F85-A767-ABDAB4AFF35F}.Release x86|ARM64.ActiveCfg = Release|ARM64
		{EE47764E-A202-4F85-A767-ABDAB4AFF35F}.Release x86|ARM64.Build.0 = Release|ARM64
		{EE47764E-A202-4F85-A767-ABDAB4AFF35F}.Release x86|ARM64EC.ActiveCfg = Release|ARM64EC
		{EE47764E-A202-4F85-A767-ABDAB4AFF35F}.Release x86|ARM64EC.Build.0 = Release|ARM64EC
		{EE47764E-A202-4F85-A767-ABDAB4AFF35F}.Release x86|x64.ActiveCfg = Release|x64
		{EE47764E-A202-4F85-A767-ABDAB4AFF35F}.Release x86|x64.Build.0 = Release|x64
		{EE47764E-A202-4F85-A767-ABDAB4AFF35F}.Release x86|x86.ActiveCfg = Release|Win32
		{EE47764E-A202-4F85-A767-ABDAB4AFF35F}.Release x86|x86.Build.0 = Release|Win32
		{EE47764E-A202-4F85-A767-ABDAB4AFF35F}.Release|ARM64.ActiveCfg = Release|ARM64
		{EE47764E-A202-4F85-A767-ABDAB4AFF35F}.Release|ARM64.Build.0 = Release|ARM64
		{EE47764E-A202-4F85-A767-ABDAB4AFF35F}.Release|ARM64EC.ActiveCfg = Release|ARM64EC
		{EE47764E-A202-4F85-A767-ABDAB4AFF35F}.Release|ARM64EC.Build.0 = Release|ARM64EC
		{EE47764E-A202-4F85-A767-ABDAB4AFF35F}.Release|x64.ActiveCfg = Release|x64
		{EE47764E-A202-4F85-A767-ABDAB4AFF35F}.Release|x64.Build.0 = Release|x64
		{EE47764E-A202-4F85-A767-ABDAB4AFF35F}.Release|x86.ActiveCfg = Release|Win32
		{EE47764E-A202-4F85-A767-ABDAB4AFF35F}.Release|x86.Build.0 = Release|Win32
		{7729EB82-4069-4414-964B-AD399091A03F}.Debug FB2K|ARM64.ActiveCfg = Debug|ARM64
		{7729EB82-4069-4414-964B-AD399091A03F}.Debug FB2K|ARM64.Build.0 = Debug|ARM64
		{7729EB82-4069-4414-964B-AD399091A03F}.Debug FB2K|ARM64EC.ActiveCfg = Debug|ARM64EC
		{7729EB82-4069-4414-964B-AD399091A03F}.Debug FB2K|ARM64EC.Build.0 = Debug|ARM64EC
		{7729EB82-4069-4414-964B-AD399091A03F}.Debug FB2K|x64.ActiveCfg = Debug|x64
		{7729EB82-4069-4414-964B-AD399091A03F}.Debug FB2K|x64.Build.0 = Debug|x64
		{7729EB82-4069-4414-964B-AD399091A03F}.Debug FB2K|x86.ActiveCfg = Debug|Win32
		{7729EB82-4069-4414-964B-AD399091A03F}.Debug FB2K|x86.Build.0 = Debug|Win32
		{7729EB82-4069-4414-964B-AD399091A03F}.Debug|ARM64.ActiveCfg = Debug|ARM64
		{7729EB82-4069-4414-964B-AD399091A03F}.Debug|ARM64.Build.0 = Debug|ARM64
		{7729EB82-4069-4414-964B-AD399091A03F}.Debug|ARM64EC.ActiveCfg = Debug|ARM64EC
		{7729EB82-4069-4414-964B-AD399091A03F}.Debug|ARM64EC.Build.0 = Debug|ARM64EC
		{7729EB82-4069-4414-964B-AD399091A03F}.Debug|x64.ActiveCfg = Debug|x64
		{7729EB82-4069-4414-964B-AD399091A03F}.Debug|x64.Build.0 = Debug|x64
		{7729EB82-4069-4414-964B-AD399091A03F}.Debug|x86.ActiveCfg = Debug|Win32
		{7729EB82-4069-4414-964B-AD399091A03F}.Debug|x86.Build.0 = Debug|Win32
		{7729EB82-4069-4414-964B-AD399091A03F}.Release FB2K|ARM64.ActiveCfg = Release|ARM64
		{7729EB82-4069-4414-964B-AD399091A03F}.Release FB2K|ARM64.Build.0 = Release|ARM64
		{7729EB82-4069-4414-964B-AD399091A03F}.Release FB2K|ARM64EC.ActiveCfg = Release|ARM64EC
		{7729EB82-4069-4414-964B-AD399091A03F}.Release FB2K|ARM64EC.Build.0 = Release|ARM64EC
		{7729EB82-4069-4414-964B-AD399091A03F}.Release FB2K|x64.ActiveCfg = Release|x64
		{7729EB82-4069-4414-964B-AD399091A03F}.Release FB2K|x64.Build.0 = Release|x64
		{7729EB82-4069-4414-964B-AD399091A03F}.Release FB2K|x86.ActiveCfg = Release|Win32
		{7729EB82-4069-4414-964B-AD399091A03F}.Release FB2K|x86.Build.0 = Release|Win32
		{7729EB82-4069-4414-964B-AD399091A03F}.Release x86|ARM64.ActiveCfg = Release|ARM64
		{7729EB82-4069-4414-964B-AD399091A03F}.Release x86|ARM64.Build.0 = Release|ARM64
		{7729EB82-4069-4414-964B-AD399091A03F}.Release x86|ARM64EC.ActiveCfg = Release|ARM64EC
		{7729EB82-4069-4414-964B-AD399091A03F}.Release x86|ARM64EC.Build.0 = Release|ARM64EC
		{7729EB82-4069-4414-964B-AD399091A03F}.Release x86|x64.ActiveCfg = Release|x64
		{7729EB82-4069-4414-964B-AD399091A03F}.Release x86|x64.Build.0 = Release|x64
		{7729EB82-4069-4414-964B-AD399091A03F}.Release x86|x86.ActiveCfg = Release|Win32
		{7729EB82-4069-4414-964B-AD399091A03F}.Release x86|x86.Build.0 = Release|Win32
		{7729EB82-4069-4414-964B-AD399091A03F}.Release|ARM64.ActiveCfg = Release|ARM64
		{7729EB82-4069-4414-964B-AD399091A03F}.Release|ARM64.Build.0 = Release|ARM64
		{7729EB82-4069-4414-964B-AD399091A03F}.Release|ARM64EC.ActiveCfg = Release|ARM64EC
		{7729EB82-4069-4414-964B-AD399091A03F}.Release|ARM64EC.Build.0 = Release|ARM64EC
		{7729EB82-4069-4414-964B-AD399091A03F}.Release|x64.ActiveCfg = Release|x64
		{7729EB82-4069-4414-964B-AD399091A03F}.Release|x64.Build.0 = Release|x64
		{7729EB82-4069-4414-964B-AD399091A03F}.Release|x86.ActiveCfg = Release|Win32
		{7729EB82-4069-4414-964B-AD399091A03F}.Release|x86.Build.0 = Release|Win32
	EndGlobalSection
	GlobalSection(SolutionProperties) = preSolution
		HideSolutionNode = FALSE
	EndGlobalSection
	GlobalSection(NestedProjects) = preSolution
		{71AD2674-065B-48F5-B8B0-E1F9D3892081} = {A3785D62-C7E4-4CE9-86B4-CBBD04AE0DCD}
		{A3785D62-C7E4-4CE9-86B4-CBBD04AE0DCD} = {32B3D50E-6EF4-44F8-A6F4-37CBFC66A6DE}
		{E8091321-D79D-4575-86EF-064EA1A4A20D} = {A3785D62-C7E4-4CE9-86B4-CBBD04AE0DCD}
		{EBFFFB4E-261D-44D3-B89C-957B31A0BF9C} = {A3785D62-C7E4-4CE9-86B4-CBBD04AE0DCD}
		{EE47764E-A202-4F85-A767-ABDAB4AFF35F} = {A3785D62-C7E4-4CE9-86B4-CBBD04AE0DCD}
		{7729EB82-4069-4414-964B-AD399091A03F} = {A3785D62-C7E4-4CE9-86B4-CBBD04AE0DCD}
	EndGlobalSection
	GlobalSection(ExtensibilityGlobals) = postSolution
		SolutionGuid = {04040262-8551-4B7E-BC36-2251D18A8201}
	EndGlobalSection
EndGlobal
